
Microsoft Visual Studio Solution File, Format Version 12.00
# Visual Studio Version 17
VisualStudioVersion = 17.13.35806.99 d17.13
MinimumVisualStudioVersion = 10.0.40219.1
Project("{FAE04EC0-301F-11D3-BF4B-00C04F79EFBC}") = "kutuphaneApi2", "kutuphaneApi2.csproj", "{AA014600-D0B1-6B9A-071B-7C0E02ABA420}"
EndProject
Global
	GlobalSection(SolutionConfigurationPlatforms) = preSolution
		Debug|Any CPU = Debug|Any CPU
		Release|Any CPU = Release|Any CPU
	EndGlobalSection
	GlobalSection(ProjectConfigurationPlatforms) = postSolution
		{AA014600-D0B1-6B9A-071B-7C0E02ABA420}.Debug|Any CPU.ActiveCfg = Debug|Any CPU
		{AA014600-D0B1-6B9A-071B-7C0E02ABA420}.Debug|Any CPU.Build.0 = Debug|Any CPU
		{AA014600-D0B1-6B9A-071B-7C0E02ABA420}.Release|Any CPU.ActiveCfg = Release|Any CPU
		{AA014600-D0B1-6B9A-071B-7C0E02ABA420}.Release|Any CPU.Build.0 = Release|Any CPU
	EndGlobalSection
	GlobalSection(SolutionProperties) = preSolution
		HideSolutionNode = FALSE
	EndGlobalSection
	GlobalSection(ExtensibilityGlobals) = postSolution
		SolutionGuid = {D39E3E1A-774D-41FA-A75E-0B87968CE1E5}
	EndGlobalSection
EndGlobal
